
Microsoft Visual Studio Solution File, Format Version 12.00
# Visual Studio Version 17
VisualStudioVersion = 17.12.35527.113
MinimumVisualStudioVersion = 10.0.40219.1
Project("{FAE04EC0-301F-11D3-BF4B-00C04F79EFBC}") = "IKEA.PL", "IKEA.PL\IKEA.PL.csproj", "{E2467CAD-0588-4BCE-8074-1C529970AED3}"
EndProject
Project("{FAE04EC0-301F-11D3-BF4B-00C04F79EFBC}") = "IKEA.DAL", "IKEA.DAL\IKEA.DAL.csproj", "{1BC664B4-2540-4138-8A90-24172C939898}"
EndProject
Project("{FAE04EC0-301F-11D3-BF4B-00C04F79EFBC}") = "IKEA.BLL", "IKEA.BLL\IKEA.BLL.csproj", "{8837A541-696B-4B6B-95AF-9EFF5C8A182C}"
EndProject
Global
	GlobalSection(SolutionConfigurationPlatforms) = preSolution
		Debug|Any CPU = Debug|Any CPU
		Release|Any CPU = Release|Any CPU
	EndGlobalSection
	GlobalSection(ProjectConfigurationPlatforms) = postSolution
		{E2467CAD-0588-4BCE-8074-1C529970AED3}.Debug|Any CPU.ActiveCfg = Debug|Any CPU
		{E2467CAD-0588-4BCE-8074-1C529970AED3}.Debug|Any CPU.Build.0 = Debug|Any CPU
		{E2467CAD-0588-4BCE-8074-1C529970AED3}.Release|Any CPU.ActiveCfg = Release|Any CPU
		{E2467CAD-0588-4BCE-8074-1C529970AED3}.Release|Any CPU.Build.0 = Release|Any CPU
		{1BC664B4-2540-4138-8A90-24172C939898}.Debug|Any CPU.ActiveCfg = Debug|Any CPU
		{1BC664B4-2540-4138-8A90-24172C939898}.Debug|Any CPU.Build.0 = Debug|Any CPU
		{1BC664B4-2540-4138-8A90-24172C939898}.Release|Any CPU.ActiveCfg = Release|Any CPU
		{1BC664B4-2540-4138-8A90-24172C939898}.Release|Any CPU.Build.0 = Release|Any CPU
		{8837A541-696B-4B6B-95AF-9EFF5C8A182C}.Debug|Any CPU.ActiveCfg = Debug|Any CPU
		{8837A541-696B-4B6B-95AF-9EFF5C8A182C}.Debug|Any CPU.Build.0 = Debug|Any CPU
		{8837A541-696B-4B6B-95AF-9EFF5C8A182C}.Release|Any CPU.ActiveCfg = Release|Any CPU
		{8837A541-696B-4B6B-95AF-9EFF5C8A182C}.Release|Any CPU.Build.0 = Release|Any CPU
	EndGlobalSection
	GlobalSection(SolutionProperties) = preSolution
		HideSolutionNode = FALSE
	EndGlobalSection
EndGlobal
